
Microsoft Visual Studio Solution File, Format Version 12.00
# Visual Studio 14
VisualStudioVersion = 14.0.24720.0
MinimumVisualStudioVersion = 10.0.40219.1
Project("{FAE04EC0-301F-11D3-BF4B-00C04F79EFBC}") = "ServiceInterfaces", "Interfaces\ServiceInterfaces.csproj", "{FAA61A43-6429-4041-A140-86094AFAF2FD}"
EndProject
Project("{FAE04EC0-301F-11D3-BF4B-00C04F79EFBC}") = "Entities", "Entities\Entities.csproj", "{6AD85501-D3EB-44D6-900E-CCC2F9BCF7D8}"
EndProject
Project("{FAE04EC0-301F-11D3-BF4B-00C04F79EFBC}") = "Services", "Services\Services.csproj", "{597FADA1-FBED-4B5A-8B49-4AA719907E1B}"
EndProject
Project("{FAE04EC0-301F-11D3-BF4B-00C04F79EFBC}") = "IOCFactory", "DependencyFactory\IOCFactory.csproj", "{BD0272AD-CF2D-49F2-9BEB-FD4F1092A37A}"
EndProject
Project("{FAE04EC0-301F-11D3-BF4B-00C04F79EFBC}") = "IOCConsoleApplication", "IOCUnityImplementation\IOCConsoleApplication.csproj", "{049C9D0C-AE3C-49CE-B4D0-67BF31A4FA5F}"
EndProject
Project("{FAE04EC0-301F-11D3-BF4B-00C04F79EFBC}") = "DataAccessClass", "DataLayer\DataAccessClass.csproj", "{83FB25DF-EAA1-40A4-8D6F-B08A202A304D}"
EndProject
Project("{FAE04EC0-301F-11D3-BF4B-00C04F79EFBC}") = "DataAccessLayer", "DataAccessLayer\DataAccessLayer.csproj", "{90ADCCA6-A39F-4AA7-B6FF-5B355E25B3E1}"
EndProject
Project("{FAE04EC0-301F-11D3-BF4B-00C04F79EFBC}") = "TestHibernate", "TestHibernate\TestHibernate.csproj", "{320B7419-A0EE-4626-8F9E-073DF4912C08}"
EndProject
Project("{FAE04EC0-301F-11D3-BF4B-00C04F79EFBC}") = "HRMS", "HRMS\HRMS.csproj", "{1EF5395C-7213-4B65-92F9-D49FDB5A2B43}"
EndProject
Project("{FAE04EC0-301F-11D3-BF4B-00C04F79EFBC}") = "Logger", "Logger\Logger.csproj", "{6A8F172A-0E19-4A45-9EDF-7A95B04273F0}"
EndProject
Project("{FAE04EC0-301F-11D3-BF4B-00C04F79EFBC}") = "HRMSWeb", "HRMSWeb\HRMSWeb.csproj", "{AE0D85EB-2294-4946-AE04-C38A43E93DE9}"
EndProject
Project("{FAE04EC0-301F-11D3-BF4B-00C04F79EFBC}") = "HRMSService", "HRMSService\HRMSService.csproj", "{1B2E64BA-77DD-4929-BE71-3C04E0404BD1}"
EndProject
Project("{FAE04EC0-301F-11D3-BF4B-00C04F79EFBC}") = "EntityInterfaces", "EntityInterfaces\EntityInterfaces.csproj", "{E4889007-7175-4956-8E3A-63193D369522}"
EndProject
Project("{FAE04EC0-301F-11D3-BF4B-00C04F79EFBC}") = "SelfHostedHRMSService", "SelfHostedHRMSService\SelfHostedHRMSService.csproj", "{4CEAF39C-908C-4B05-8646-26523F1D21EA}"
EndProject
Project("{FAE04EC0-301F-11D3-BF4B-00C04F79EFBC}") = "WindowsService1", "WindowsService1\WindowsService1.csproj", "{CF6BD135-0234-4BF3-86BC-70D9444D56C1}"
EndProject
Project("{FAE04EC0-301F-11D3-BF4B-00C04F79EFBC}") = "WebHttpCors", "WebHttpCors\WebHttpCors.csproj", "{9045E552-71C6-497F-9C91-97906155C233}"
EndProject
Global
	GlobalSection(SolutionConfigurationPlatforms) = preSolution
		Debug|Any CPU = Debug|Any CPU
		Release|Any CPU = Release|Any CPU
	EndGlobalSection
	GlobalSection(ProjectConfigurationPlatforms) = postSolution
		{FAA61A43-6429-4041-A140-86094AFAF2FD}.Debug|Any CPU.ActiveCfg = Debug|Any CPU
		{FAA61A43-6429-4041-A140-86094AFAF2FD}.Debug|Any CPU.Build.0 = Debug|Any CPU
		{FAA61A43-6429-4041-A140-86094AFAF2FD}.Release|Any CPU.ActiveCfg = Release|Any CPU
		{FAA61A43-6429-4041-A140-86094AFAF2FD}.Release|Any CPU.Build.0 = Release|Any CPU
		{6AD85501-D3EB-44D6-900E-CCC2F9BCF7D8}.Debug|Any CPU.ActiveCfg = Debug|Any CPU
		{6AD85501-D3EB-44D6-900E-CCC2F9BCF7D8}.Debug|Any CPU.Build.0 = Debug|Any CPU
		{6AD85501-D3EB-44D6-900E-CCC2F9BCF7D8}.Release|Any CPU.ActiveCfg = Release|Any CPU
		{6AD85501-D3EB-44D6-900E-CCC2F9BCF7D8}.Release|Any CPU.Build.0 = Release|Any CPU
		{597FADA1-FBED-4B5A-8B49-4AA719907E1B}.Debug|Any CPU.ActiveCfg = Debug|Any CPU
		{597FADA1-FBED-4B5A-8B49-4AA719907E1B}.Debug|Any CPU.Build.0 = Debug|Any CPU
		{597FADA1-FBED-4B5A-8B49-4AA719907E1B}.Release|Any CPU.ActiveCfg = Release|Any CPU
		{597FADA1-FBED-4B5A-8B49-4AA719907E1B}.Release|Any CPU.Build.0 = Release|Any CPU
		{BD0272AD-CF2D-49F2-9BEB-FD4F1092A37A}.Debug|Any CPU.ActiveCfg = Debug|Any CPU
		{BD0272AD-CF2D-49F2-9BEB-FD4F1092A37A}.Debug|Any CPU.Build.0 = Debug|Any CPU
		{BD0272AD-CF2D-49F2-9BEB-FD4F1092A37A}.Release|Any CPU.ActiveCfg = Release|Any CPU
		{BD0272AD-CF2D-49F2-9BEB-FD4F1092A37A}.Release|Any CPU.Build.0 = Release|Any CPU
		{049C9D0C-AE3C-49CE-B4D0-67BF31A4FA5F}.Debug|Any CPU.ActiveCfg = Debug|Any CPU
		{049C9D0C-AE3C-49CE-B4D0-67BF31A4FA5F}.Debug|Any CPU.Build.0 = Debug|Any CPU
		{049C9D0C-AE3C-49CE-B4D0-67BF31A4FA5F}.Release|Any CPU.ActiveCfg = Release|Any CPU
		{049C9D0C-AE3C-49CE-B4D0-67BF31A4FA5F}.Release|Any CPU.Build.0 = Release|Any CPU
		{83FB25DF-EAA1-40A4-8D6F-B08A202A304D}.Debug|Any CPU.ActiveCfg = Debug|Any CPU
		{83FB25DF-EAA1-40A4-8D6F-B08A202A304D}.Debug|Any CPU.Build.0 = Debug|Any CPU
		{83FB25DF-EAA1-40A4-8D6F-B08A202A304D}.Release|Any CPU.ActiveCfg = Release|Any CPU
		{83FB25DF-EAA1-40A4-8D6F-B08A202A304D}.Release|Any CPU.Build.0 = Release|Any CPU
		{90ADCCA6-A39F-4AA7-B6FF-5B355E25B3E1}.Debug|Any CPU.ActiveCfg = Debug|Any CPU
		{90ADCCA6-A39F-4AA7-B6FF-5B355E25B3E1}.Debug|Any CPU.Build.0 = Debug|Any CPU
		{90ADCCA6-A39F-4AA7-B6FF-5B355E25B3E1}.Release|Any CPU.ActiveCfg = Release|Any CPU
		{90ADCCA6-A39F-4AA7-B6FF-5B355E25B3E1}.Release|Any CPU.Build.0 = Release|Any CPU
		{320B7419-A0EE-4626-8F9E-073DF4912C08}.Debug|Any CPU.ActiveCfg = Debug|Any CPU
		{320B7419-A0EE-4626-8F9E-073DF4912C08}.Debug|Any CPU.Build.0 = Debug|Any CPU
		{320B7419-A0EE-4626-8F9E-073DF4912C08}.Release|Any CPU.ActiveCfg = Release|Any CPU
		{320B7419-A0EE-4626-8F9E-073DF4912C08}.Release|Any CPU.Build.0 = Release|Any CPU
		{1EF5395C-7213-4B65-92F9-D49FDB5A2B43}.Debug|Any CPU.ActiveCfg = Debug|Any CPU
		{1EF5395C-7213-4B65-92F9-D49FDB5A2B43}.Debug|Any CPU.Build.0 = Debug|Any CPU
		{1EF5395C-7213-4B65-92F9-D49FDB5A2B43}.Release|Any CPU.ActiveCfg = Release|Any CPU
		{1EF5395C-7213-4B65-92F9-D49FDB5A2B43}.Release|Any CPU.Build.0 = Release|Any CPU
		{6A8F172A-0E19-4A45-9EDF-7A95B04273F0}.Debug|Any CPU.ActiveCfg = Debug|Any CPU
		{6A8F172A-0E19-4A45-9EDF-7A95B04273F0}.Debug|Any CPU.Build.0 = Debug|Any CPU
		{6A8F172A-0E19-4A45-9EDF-7A95B04273F0}.Release|Any CPU.ActiveCfg = Release|Any CPU
		{6A8F172A-0E19-4A45-9EDF-7A95B04273F0}.Release|Any CPU.Build.0 = Release|Any CPU
		{AE0D85EB-2294-4946-AE04-C38A43E93DE9}.Debug|Any CPU.ActiveCfg = Debug|Any CPU
		{AE0D85EB-2294-4946-AE04-C38A43E93DE9}.Debug|Any CPU.Build.0 = Debug|Any CPU
		{AE0D85EB-2294-4946-AE04-C38A43E93DE9}.Release|Any CPU.ActiveCfg = Release|Any CPU
		{AE0D85EB-2294-4946-AE04-C38A43E93DE9}.Release|Any CPU.Build.0 = Release|Any CPU
		{1B2E64BA-77DD-4929-BE71-3C04E0404BD1}.Debug|Any CPU.ActiveCfg = Debug|Any CPU
		{1B2E64BA-77DD-4929-BE71-3C04E0404BD1}.Debug|Any CPU.Build.0 = Debug|Any CPU
		{1B2E64BA-77DD-4929-BE71-3C04E0404BD1}.Release|Any CPU.ActiveCfg = Release|Any CPU
		{1B2E64BA-77DD-4929-BE71-3C04E0404BD1}.Release|Any CPU.Build.0 = Release|Any CPU
		{E4889007-7175-4956-8E3A-63193D369522}.Debug|Any CPU.ActiveCfg = Debug|Any CPU
		{E4889007-7175-4956-8E3A-63193D369522}.Debug|Any CPU.Build.0 = Debug|Any CPU
		{E4889007-7175-4956-8E3A-63193D369522}.Release|Any CPU.ActiveCfg = Release|Any CPU
		{E4889007-7175-4956-8E3A-63193D369522}.Release|Any CPU.Build.0 = Release|Any CPU
		{4CEAF39C-908C-4B05-8646-26523F1D21EA}.Debug|Any CPU.ActiveCfg = Debug|Any CPU
		{4CEAF39C-908C-4B05-8646-26523F1D21EA}.Debug|Any CPU.Build.0 = Debug|Any CPU
		{4CEAF39C-908C-4B05-8646-26523F1D21EA}.Release|Any CPU.ActiveCfg = Release|Any CPU
		{4CEAF39C-908C-4B05-8646-26523F1D21EA}.Release|Any CPU.Build.0 = Release|Any CPU
		{CF6BD135-0234-4BF3-86BC-70D9444D56C1}.Debug|Any CPU.ActiveCfg = Debug|Any CPU
		{CF6BD135-0234-4BF3-86BC-70D9444D56C1}.Debug|Any CPU.Build.0 = Debug|Any CPU
		{CF6BD135-0234-4BF3-86BC-70D9444D56C1}.Release|Any CPU.ActiveCfg = Release|Any CPU
		{CF6BD135-0234-4BF3-86BC-70D9444D56C1}.Release|Any CPU.Build.0 = Release|Any CPU
		{9045E552-71C6-497F-9C91-97906155C233}.Debug|Any CPU.ActiveCfg = Debug|Any CPU
		{9045E552-71C6-497F-9C91-97906155C233}.Debug|Any CPU.Build.0 = Debug|Any CPU
		{9045E552-71C6-497F-9C91-97906155C233}.Release|Any CPU.ActiveCfg = Release|Any CPU
		{9045E552-71C6-497F-9C91-97906155C233}.Release|Any CPU.Build.0 = Release|Any CPU
	EndGlobalSection
	GlobalSection(SolutionProperties) = preSolution
		HideSolutionNode = FALSE
	EndGlobalSection
EndGlobal
